github.com/Ullaakut/nmap/v3 v3.0.3 h1:bSFREzf0vWOi27vncgP/tiIRUx2OP+N0hGo8O/YHec8=
github.com/Ullaakut/nmap/v3 v3.0.3/go.mod h1:dd5K68P7LHc5nKrFwQx6EdTt61O9UN5x3zn1R4SLcco=
github.com/go-telegram-bot-api/telegram-bot-api/v5 v5.5.1 h1:wG8n/XJQ07TmjbITcGiUaOtXxdrINDz1b0J1w0SzqDc=
github.com/go-telegram-bot-api/telegram-bot-api/v5 v5.5.1/go.mod h1:A2S0CWkNylc2phvKXWBBdD3K0iGnDBGbzRpISP2zBl8=
github.com/joho/godotenv v1.5.1 h1:7eLL/+HRGLY0ldzfGMeQkb7vMd0as4CfYvUVzLqw0N0=
github.com/joho/godotenv v1.5.1/go.mod h1:f4LDr5Voq0i2e/R5DDNOoa2zzDfwtkZa6DnEwAbqwq4=
github.com/wowlikon/go_lan_scanner/lib v0.0.0-20240429141050-29679285116d h1:hJ+u5UGxNMFSvCNcajiyOrR9UVB+PAxlVkWzSEv16uU=
github.com/wowlikon/go_lan_scanner/lib v0.0.0-20240429141050-29679285116d/go.mod h1:JIgY0rdZjsk7aBA3jKw/GSNWwXZM2Y0ExJNVsbT2w0I=
golang.org/x/sync v0.1.0 h1:wsuoTGHzEhffawBOhz5CYhcrV4IdKZbEyZjBMuTp12o=
golang.org/x/sync v0.1.0/go.mod h1:RxMgew5VJxzue5/jJTE5uejpjVlOe/izrB70Jof72aM=
